<?xml version="1.0" encoding="UTF-8" standalone="yes" ?>
<CodeBlocks_project_file>
	<FileVersion major="1" minor="6" />
	<Project>
		<Option title="cpp_examples" />
		<Option pch_mode="2" />
		<Option compiler="gcc" />
		<Build>
			<Target title="spherical_coord">
				<Option output="bin/spherical_coord" prefix_auto="1" extension_auto="1" />
				<Option working_dir="bin/" />
				<Option object_output="obj/spherical_coord/" />
				<Option type="1" />
				<Option compiler="gcc" />
			</Target>
			<Target title="numeric_limits">
				<Option output="bin/numeric_limits" prefix_auto="1" extension_auto="1" />
				<Option working_dir="bin/" />
				<Option object_output="obj/numeric_limits" />
				<Option type="1" />
				<Option compiler="gcc" />
			</Target>
			<Target title="string_methods">
				<Option output="bin/string_methods" prefix_auto="1" extension_auto="1" />
				<Option working_dir="bin/" />
				<Option object_output="obj/string_methods" />
				<Option type="1" />
				<Option compiler="gcc" />
			</Target>
			<Target title="io_example">
				<Option output="bin/io_example" prefix_auto="1" extension_auto="1" />
				<Option working_dir="bin/" />
				<Option object_output="obj/io_example" />
				<Option type="1" />
				<Option compiler="gcc" />
			</Target>
			<Target title="floating_format">
				<Option output="bin/floating_format" prefix_auto="1" extension_auto="1" />
				<Option working_dir="bin/" />
				<Option object_output="obj/floating_format" />
				<Option type="1" />
				<Option compiler="gcc" />
			</Target>
			<Target title="vector_methods">
				<Option output="bin/vector_methods" prefix_auto="1" extension_auto="1" />
				<Option working_dir="bin/" />
				<Option object_output="obj/vector_methods" />
				<Option type="1" />
				<Option compiler="gcc" />
			</Target>
			<Target title="auto_alias">
				<Option output="bin/auto_alias" prefix_auto="1" extension_auto="1" />
				<Option working_dir="bin/" />
				<Option object_output="obj/auto_alias" />
				<Option type="1" />
				<Option compiler="gcc" />
			</Target>
			<Target title="argument_pass">
				<Option output="bin/argument_pass" prefix_auto="1" extension_auto="1" />
				<Option working_dir="bin/" />
				<Option object_output="obj/argument_pass" />
				<Option type="1" />
				<Option compiler="gcc" />
			</Target>
			<Target title="func_overloading">
				<Option output="bin/func_overloading" prefix_auto="1" extension_auto="1" />
				<Option working_dir="bin/" />
				<Option object_output="obj/func_overloading" />
				<Option type="1" />
				<Option compiler="gcc" />
			</Target>
			<Target title="func_declaration">
				<Option output="bin/func_declaration" prefix_auto="1" extension_auto="1" />
				<Option working_dir="bin/" />
				<Option object_output="obj/func_declaration" />
				<Option type="1" />
				<Option compiler="gcc" />
				<Compiler>
					<Add directory="/home/frailis/Osservatorio/doc/Lezioni/SeminarioCpp/cpp_examples/" />
				</Compiler>
			</Target>
			<Target title="func_default">
				<Option output="bin/func_default" prefix_auto="1" extension_auto="1" />
				<Option working_dir="bin/" />
				<Option object_output="obj/func_default" />
				<Option type="1" />
				<Option compiler="gcc" />
			</Target>
			<Target title="exception_handling">
				<Option output="bin/exception_handling" prefix_auto="1" extension_auto="1" />
				<Option working_dir="bin/" />
				<Option object_output="obj/exception_handling" />
				<Option type="1" />
				<Option compiler="gcc" />
			</Target>
			<Target title="func_template">
				<Option output="bin/func_template" prefix_auto="1" extension_auto="1" />
				<Option working_dir="bin/" />
				<Option object_output="obj/func_template" />
				<Option type="1" />
				<Option compiler="gcc" />
			</Target>
			<Target title="list_example">
				<Option output="bin/list_example" prefix_auto="1" extension_auto="1" />
				<Option working_dir="bin/" />
				<Option object_output="obj/list_example" />
				<Option type="1" />
				<Option compiler="gcc" />
			</Target>
			<Target title="map_methods">
				<Option output="bin/map_methods" prefix_auto="1" extension_auto="1" />
				<Option working_dir="bin/" />
				<Option object_output="obj/map_methods" />
				<Option type="1" />
				<Option compiler="gcc" />
			</Target>
			<Target title="arrays">
				<Option output="bin/arrays" prefix_auto="1" extension_auto="1" />
				<Option working_dir="bin/" />
				<Option object_output="obj/arrays" />
				<Option type="1" />
				<Option compiler="gcc" />
			</Target>
			<Target title="iterators">
				<Option output="bin/iterators" prefix_auto="1" extension_auto="1" />
				<Option working_dir="bin/" />
				<Option object_output="obj/iterators" />
				<Option type="1" />
				<Option compiler="gcc" />
			</Target>
			<Target title="sorting">
				<Option output="bin/sorting" prefix_auto="1" extension_auto="1" />
				<Option working_dir="bin/" />
				<Option object_output="obj/sorting" />
				<Option type="1" />
				<Option compiler="gcc" />
			</Target>
			<Target title="lower_find">
				<Option output="bin/lower_find" prefix_auto="1" extension_auto="1" />
				<Option working_dir="bin/" />
				<Option object_output="obj/lower_find" />
				<Option type="1" />
				<Option compiler="gcc" />
			</Target>
			<Target title="sort_comparison">
				<Option output="bin/sort_comparison" prefix_auto="1" extension_auto="1" />
				<Option working_dir="bin/" />
				<Option object_output="obj/sort_comparison" />
				<Option type="1" />
				<Option compiler="gcc" />
			</Target>
			<Target title="lambda_expression">
				<Option output="bin/lambda_expression" prefix_auto="1" extension_auto="1" />
				<Option working_dir="bin/" />
				<Option object_output="obj/lambda_expression" />
				<Option type="1" />
				<Option compiler="gcc" />
			</Target>
			<Target title="struct_definition">
				<Option output="bin/struct_definition" prefix_auto="1" extension_auto="1" />
				<Option working_dir="bin/" />
				<Option object_output="obj/struct_definition" />
				<Option type="1" />
				<Option compiler="gcc" />
			</Target>
			<Target title="pointer_definition">
				<Option output="bin/struct_definition" prefix_auto="1" extension_auto="1" />
				<Option working_dir="bin/" />
				<Option object_output="obj/struct_definition" />
				<Option type="1" />
				<Option compiler="gcc" />
			</Target>
			<Target title="vector_galaxy">
				<Option output="bin/vector_galaxy" prefix_auto="1" extension_auto="1" />
				<Option working_dir="bin/" />
				<Option object_output="obj/vector_galaxy" />
				<Option type="1" />
				<Option compiler="gcc" />
			</Target>
			<Target title="simple_class">
				<Option output="bin/simple_class" prefix_auto="1" extension_auto="1" />
				<Option working_dir="bin/" />
				<Option object_output="obj/simple_class" />
				<Option type="1" />
				<Option compiler="gcc" />
			</Target>
			<Target title="gaussian_functor">
				<Option output="bin/gaussian_functor" prefix_auto="1" extension_auto="1" />
				<Option working_dir="bin/" />
				<Option object_output="obj/gaussian_functor" />
				<Option type="1" />
				<Option compiler="gcc" />
			</Target>
			<Target title="class_dynamic_alloc">
				<Option output="bin/image_mask" prefix_auto="1" extension_auto="1" />
				<Option working_dir="bin/" />
				<Option object_output="obj/image_mask" />
				<Option type="1" />
				<Option compiler="gcc" />
			</Target>
			<Target title="virtual_methods">
				<Option output="bin/virtual_methods" prefix_auto="1" extension_auto="1" />
				<Option working_dir="bin/" />
				<Option object_output="obj/virtual_methods" />
				<Option type="1" />
				<Option compiler="gcc" />
			</Target>
			<Target title="shared_galaxies">
				<Option output="bin/shared_galaxies" prefix_auto="1" extension_auto="1" />
				<Option working_dir="bin/" />
				<Option object_output="obj/shared_galaxies" />
				<Option type="1" />
				<Option compiler="gcc" />
			</Target>
			<Target title="eigen_example">
				<Option output="bin/eigen_example" prefix_auto="1" extension_auto="1" />
				<Option working_dir="bin/" />
				<Option object_output="obj/eigen_example" />
				<Option type="1" />
				<Option compiler="gcc" />
			</Target>
			<Target title="ccfits_example">
				<Option output="bin/ccfits_example" prefix_auto="1" extension_auto="1" />
				<Option working_dir="bin/" />
				<Option object_output="obj/ccfits_example" />
				<Option type="1" />
				<Option compiler="gcc" />
				<Compiler>
					<Add directory="/usr/include/cfitsio" />
				</Compiler>
				<Linker>
					<Add library="CCfits" />
				</Linker>
			</Target>
			<Target title="cfitsio_example">
				<Option output="bin/cfitsio_example" prefix_auto="1" extension_auto="1" />
				<Option working_dir="bin/" />
				<Option object_output="obj/cfitsio_example" />
				<Option type="1" />
				<Option compiler="gcc" />
				<Compiler>
					<Add directory="/usr/include/cfitsio" />
				</Compiler>
				<Linker>
					<Add library="cfitsio" />
				</Linker>
			</Target>
		</Build>
		<VirtualTargets>
			<Add alias="all" targets="spherical_coord;numeric_limits;string_methods;io_example;floating_format;vector_methods;auto_alias;argument_pass;func_overloading;func_declaration;func_default;exception_handling;func_template;list_example;map_methods;arrays;iterators;sorting;lower_find;sort_comparison;lambda_expression;struct_definition;pointer_definition;vector_galaxy;simple_class;gaussian_functor;class_dynamic_alloc;virtual_methods;shared_galaxies;eigen_example;ccfits_example;cfitsio_example;" />
		</VirtualTargets>
		<Compiler>
			<Add option="-std=c++11" />
			<Add option="-Wall" />
			<Add option="-g" />
			<Add directory="./src" />
		</Compiler>
		<Unit filename="src/ex01/spherical_coord.cpp">
			<Option target="spherical_coord" />
		</Unit>
		<Unit filename="src/ex02/numeric_limits.cpp">
			<Option target="numeric_limits" />
		</Unit>
		<Unit filename="src/ex03/string_methods.cpp">
			<Option target="string_methods" />
		</Unit>
		<Unit filename="src/ex04/io_example.cpp">
			<Option target="io_example" />
		</Unit>
		<Unit filename="src/ex05/floating_format.cpp">
			<Option target="floating_format" />
		</Unit>
		<Unit filename="src/ex06/vector_methods.cpp">
			<Option target="vector_methods" />
		</Unit>
		<Unit filename="src/ex07/auto_alias.cpp">
			<Option target="auto_alias" />
		</Unit>
		<Unit filename="src/ex08/argument_pass.cpp">
			<Option target="argument_pass" />
		</Unit>
		<Unit filename="src/ex09/func_overloading.cpp">
			<Option target="func_overloading" />
		</Unit>
		<Unit filename="src/ex10/stats.cpp">
			<Option target="func_declaration" />
			<Option target="exception_handling" />
		</Unit>
		<Unit filename="src/ex10/stats.h">
			<Option target="func_declaration" />
			<Option target="exception_handling" />
		</Unit>
		<Unit filename="src/ex10/test_stats.cpp">
			<Option target="func_declaration" />
		</Unit>
		<Unit filename="src/ex11/test_utils.cpp">
			<Option target="func_default" />
		</Unit>
		<Unit filename="src/ex11/utils.cpp">
			<Option target="func_default" />
		</Unit>
		<Unit filename="src/ex11/utils.h">
			<Option target="func_default" />
		</Unit>
		<Unit filename="src/ex12/exception_handling.cpp">
			<Option target="exception_handling" />
		</Unit>
		<Unit filename="src/ex13/test_tstats.cpp">
			<Option target="func_template" />
		</Unit>
		<Unit filename="src/ex13/tstats.cpp">
			<Option target="func_template" />
		</Unit>
		<Unit filename="src/ex13/tstats.h">
			<Option target="func_template" />
		</Unit>
		<Unit filename="src/ex14/list_example.cpp">
			<Option target="list_example" />
		</Unit>
		<Unit filename="src/ex15/map_methods.cpp">
			<Option target="map_methods" />
		</Unit>
		<Unit filename="src/ex16/arrays.cpp">
			<Option target="arrays" />
		</Unit>
		<Unit filename="src/ex17/iterators.cpp">
			<Option target="iterators" />
		</Unit>
		<Unit filename="src/ex18/sorting.cpp">
			<Option target="sorting" />
		</Unit>
		<Unit filename="src/ex19/lower_find.cpp">
			<Option target="lower_find" />
		</Unit>
		<Unit filename="src/ex20/sort_comparison.cpp">
			<Option target="sort_comparison" />
		</Unit>
		<Unit filename="src/ex21/lambda_expression.cpp">
			<Option target="lambda_expression" />
		</Unit>
		<Unit filename="src/ex22/galaxy.cpp">
			<Option target="struct_definition" />
		</Unit>
		<Unit filename="src/ex22/galaxy.h">
			<Option target="struct_definition" />
			<Option target="vector_galaxy" />
		</Unit>
		<Unit filename="src/ex23/pointer_definition.cpp">
			<Option target="pointer_definition" />
		</Unit>
		<Unit filename="src/ex24/sort_pgalaxy.cpp">
			<Option target="vector_galaxy" />
		</Unit>
		<Unit filename="src/ex25/test_vec3.cpp">
			<Option target="simple_class" />
		</Unit>
		<Unit filename="src/ex25/vec3.cpp">
			<Option target="simple_class" />
		</Unit>
		<Unit filename="src/ex25/vec3.h">
			<Option target="simple_class" />
		</Unit>
		<Unit filename="src/ex26/beam.cpp">
			<Option target="gaussian_functor" />
		</Unit>
		<Unit filename="src/ex26/beam.h">
			<Option target="gaussian_functor" />
		</Unit>
		<Unit filename="src/ex26/test_beam.cpp">
			<Option target="gaussian_functor" />
		</Unit>
		<Unit filename="src/ex27/image.cpp">
			<Option target="class_dynamic_alloc" />
		</Unit>
		<Unit filename="src/ex27/image.h">
			<Option target="class_dynamic_alloc" />
		</Unit>
		<Unit filename="src/ex27/test_image.cpp">
			<Option target="class_dynamic_alloc" />
		</Unit>
		<Unit filename="src/ex28/property.cpp">
			<Option target="virtual_methods" />
		</Unit>
		<Unit filename="src/ex28/property.h">
			<Option target="virtual_methods" />
		</Unit>
		<Unit filename="src/ex28/test_property.cpp">
			<Option target="virtual_methods" />
		</Unit>
		<Unit filename="src/ex29/shared_galaxy.cpp">
			<Option target="shared_galaxies" />
		</Unit>
		<Unit filename="src/ex30/eigen_example.cpp">
			<Option target="eigen_example" />
		</Unit>
		<Unit filename="src/ex31/ccfits_example.cpp">
			<Option target="ccfits_example" />
		</Unit>
		<Unit filename="src/ex32/cfitsio_example.cpp">
			<Option target="cfitsio_example" />
		</Unit>
		<Extensions>
			<code_completion />
			<debugger />
		</Extensions>
	</Project>
</CodeBlocks_project_file>
